
Microsoft Visual Studio Solution File, Format Version 12.00
# Visual Studio Version 16
VisualStudioVersion = 16.0.32002.261
MinimumVisualStudioVersion = 10.0.40219.1
Project("{FAE04EC0-301F-11D3-BF4B-00C04F79EFBC}") = "GestionMatos", "GestionMatos\GestionMatos.csproj", "{B2802140-B6A4-401D-B072-4BF5153ABF63}"
EndProject
Global
	GlobalSection(SolutionConfigurationPlatforms) = preSolution
		Debug|Any CPU = Debug|Any CPU
		Release|Any CPU = Release|Any CPU
	EndGlobalSection
	GlobalSection(ProjectConfigurationPlatforms) = postSolution
		{B2802140-B6A4-401D-B072-4BF5153ABF63}.Debug|Any CPU.ActiveCfg = Debug|Any CPU
		{B2802140-B6A4-401D-B072-4BF5153ABF63}.Debug|Any CPU.Build.0 = Debug|Any CPU
		{B2802140-B6A4-401D-B072-4BF5153ABF63}.Release|Any CPU.ActiveCfg = Release|Any CPU
		{B2802140-B6A4-401D-B072-4BF5153ABF63}.Release|Any CPU.Build.0 = Release|Any CPU
	EndGlobalSection
	GlobalSection(SolutionProperties) = preSolution
		HideSolutionNode = FALSE
	EndGlobalSection
	GlobalSection(ExtensibilityGlobals) = postSolution
		SolutionGuid = {CD60C154-7231-4459-B036-F5529443EF2B}
	EndGlobalSection
EndGlobal
